<?xml version="1.0" encoding="utf-8"?>
<Project ToolsVersion="4.0" xmlns="http://schemas.microsoft.com/developer/msbuild/2003">
  <ItemGroup>
    <Filter Include="리소스 파일">
      <UniqueIdentifier>{67DA6AB6-F800-4c08-8B7A-83BB121AAD01}</UniqueIdentifier>
      <Extensions>rc;ico;cur;bmp;dlg;rc2;rct;bin;rgs;gif;jpg;jpeg;jpe;resx;tiff;tif;png;wav;mfcribbon-ms</Extensions>
    </Filter>
    <Filter Include="소스 파일">
      <UniqueIdentifier>{cf335240-9d4f-466f-9822-01bbfe151b38}</UniqueIdentifier>
    </Filter>
    <Filter Include="소스 파일\Identifiable">
      <UniqueIdentifier>{45798785-491b-41b6-a9ef-1c013444d856}</UniqueIdentifier>
    </Filter>
    <Filter Include="소스 파일\Identifiable\Circuit">
      <UniqueIdentifier>{1dea0ffc-9d9e-4e55-aced-96d7eee3524b}</UniqueIdentifier>
    </Filter>
    <Filter Include="소스 파일\Identifiable\Pin">
      <UniqueIdentifier>{526c238e-cd9d-4345-a80b-046a6549945c}</UniqueIdentifier>
    </Filter>
    <Filter Include="소스 파일\main">
      <UniqueIdentifier>{84afeebe-6084-4e60-a9a7-a0b600d76e0f}</UniqueIdentifier>
    </Filter>
    <Filter Include="소스 파일\Manager">
      <UniqueIdentifier>{916625cb-19e0-4e54-98d7-dc1138aea5ff}</UniqueIdentifier>
    </Filter>
    <Filter Include="소스 파일\Identifiable\Circuit\imple">
      <UniqueIdentifier>{d9f353ee-1ffe-46b4-b050-14fa7ae806ef}</UniqueIdentifier>
    </Filter>
    <Filter Include="소스 파일\Identifiable\Wire">
      <UniqueIdentifier>{c1bfe6b4-d61f-4d25-a20f-66ebe9d26fb9}</UniqueIdentifier>
    </Filter>
    <Filter Include="소스 파일\Helper">
      <UniqueIdentifier>{fd2ce2c4-621c-445b-a57d-696235e11e14}</UniqueIdentifier>
    </Filter>
    <Filter Include="소스 파일\Gui">
      <UniqueIdentifier>{c5777483-5eb2-4abc-b01e-603c685ce7a4}</UniqueIdentifier>
    </Filter>
    <Filter Include="소스 파일\Identifiable\Circuit\imple\Primitive">
      <UniqueIdentifier>{7bad327e-9dae-4e4e-96d4-af2eecec77d0}</UniqueIdentifier>
    </Filter>
    <Filter Include="소스 파일\Identifiable\Circuit\imple\Sequential">
      <UniqueIdentifier>{5f4a8ee4-ae83-41e4-823e-c7ed5ea3f4a7}</UniqueIdentifier>
    </Filter>
    <Filter Include="소스 파일\Identifiable\Circuit\imple\Combinational">
      <UniqueIdentifier>{d2d8cfaf-a64b-4976-a901-b62855f9761e}</UniqueIdentifier>
    </Filter>
    <Filter Include="헤더 파일">
      <UniqueIdentifier>{697c8995-232d-41bc-82ce-7bb1c46c9add}</UniqueIdentifier>
    </Filter>
    <Filter Include="소스 파일\Identifiable\Circuit\imple\Primitive\IO">
      <UniqueIdentifier>{fdc21a74-df10-4c0d-a60e-740f31feb780}</UniqueIdentifier>
    </Filter>
    <Filter Include="소스 파일\Identifiable\Circuit\imple\Sequential\Pipeline Register">
      <UniqueIdentifier>{09024ca8-89ac-41ba-ab31-c84f71a23f70}</UniqueIdentifier>
    </Filter>
    <Filter Include="소스 파일\Identifiable\Circuit\imple\Combinational\Hazard">
      <UniqueIdentifier>{d339d683-7554-4a23-8c2a-3733d41b283f}</UniqueIdentifier>
    </Filter>
  </ItemGroup>
  <ItemGroup>
    <ClCompile Include="Identifiable.cpp">
      <Filter>소스 파일\Identifiable</Filter>
    </ClCompile>
    <ClCompile Include="CircuitOutput.cpp">
      <Filter>소스 파일\Identifiable\Circuit</Filter>
    </ClCompile>
    <ClCompile Include="Pin.cpp">
      <Filter>소스 파일\Identifiable\Pin</Filter>
    </ClCompile>
    <ClCompile Include="Circuit.cpp">
      <Filter>소스 파일\Identifiable\Circuit</Filter>
    </ClCompile>
    <ClCompile Include="Wire.cpp">
      <Filter>소스 파일\Identifiable\Wire</Filter>
    </ClCompile>
    <ClCompile Include="InteractionManager.cpp">
      <Filter>소스 파일\Manager</Filter>
    </ClCompile>
    <ClCompile Include="PlayButton.cpp">
      <Filter>소스 파일\Gui</Filter>
    </ClCompile>
    <ClCompile Include="AndCircuit.cpp">
      <Filter>소스 파일\Identifiable\Circuit\imple\Primitive</Filter>
    </ClCompile>
    <ClCompile Include="BufferCircuit.cpp">
      <Filter>소스 파일\Identifiable\Circuit\imple\Primitive</Filter>
    </ClCompile>
    <ClCompile Include="NotCircuit.cpp">
      <Filter>소스 파일\Identifiable\Circuit\imple\Primitive</Filter>
    </ClCompile>
    <ClCompile Include="OrCircuit.cpp">
      <Filter>소스 파일\Identifiable\Circuit\imple\Primitive</Filter>
    </ClCompile>
    <ClCompile Include="RegisterCircuit.cpp">
      <Filter>소스 파일\Identifiable\Circuit\imple\Sequential</Filter>
    </ClCompile>
    <ClCompile Include="Convert.cpp">
      <Filter>소스 파일\Helper</Filter>
    </ClCompile>
    <ClCompile Include="BitBulbCircuit.cpp">
      <Filter>소스 파일\Identifiable\Circuit\imple\Primitive\IO</Filter>
    </ClCompile>
    <ClCompile Include="SwitchCircuit.cpp">
      <Filter>소스 파일\Identifiable\Circuit\imple\Primitive\IO</Filter>
    </ClCompile>
    <ClCompile Include="Int32OutCircuit.cpp">
      <Filter>소스 파일\Identifiable\Circuit\imple\Primitive\IO</Filter>
    </ClCompile>
    <ClCompile Include="DisplayInt32Circuit.cpp">
      <Filter>소스 파일\Identifiable\Circuit\imple\Primitive\IO</Filter>
    </ClCompile>
    <ClCompile Include="RegIdxOutCircuit.cpp">
      <Filter>소스 파일\Identifiable\Circuit\imple\Primitive\IO</Filter>
    </ClCompile>
    <ClCompile Include="SpawnCircuit.cpp">
      <Filter>소스 파일\Helper</Filter>
    </ClCompile>
    <ClCompile Include="DataMemoryCircuit.cpp">
      <Filter>소스 파일\Identifiable\Circuit\imple\Sequential</Filter>
    </ClCompile>
    <ClCompile Include="Add32Circuit.cpp">
      <Filter>소스 파일\Identifiable\Circuit\imple\Combinational</Filter>
    </ClCompile>
    <ClCompile Include="ClockCircuit.cpp">
      <Filter>소스 파일\Identifiable\Circuit\imple\Sequential</Filter>
    </ClCompile>
    <ClCompile Include="Instruction.cpp">
      <Filter>소스 파일\Helper</Filter>
    </ClCompile>
    <ClCompile Include="test_instruction_main.cpp">
      <Filter>소스 파일\main</Filter>
    </ClCompile>
    <ClCompile Include="Window.cpp">
      <Filter>소스 파일\Helper</Filter>
    </ClCompile>
    <ClCompile Include="test_window_main.cpp">
      <Filter>소스 파일\main</Filter>
    </ClCompile>
    <ClCompile Include="SignExtensionCircuit.cpp">
      <Filter>소스 파일\Identifiable\Circuit\imple\Combinational</Filter>
    </ClCompile>
    <ClCompile Include="ShiftLeftCircuit.cpp">
      <Filter>소스 파일\Identifiable\Circuit\imple\Combinational</Filter>
    </ClCompile>
    <ClCompile Include="AluCircuit.cpp">
      <Filter>소스 파일\Identifiable\Circuit\imple\Combinational</Filter>
    </ClCompile>
    <ClCompile Include="InstructionMemory.cpp">
      <Filter>소스 파일\Identifiable\Circuit\imple\Combinational</Filter>
    </ClCompile>
    <ClCompile Include="AluControlCircuit.cpp" />
    <ClCompile Include="MuxCircuit.cpp">
      <Filter>소스 파일\Identifiable\Circuit\imple\Primitive</Filter>
    </ClCompile>
    <ClCompile Include="ControlUnitCircuit.cpp">
      <Filter>소스 파일\Identifiable\Circuit\imple\Combinational</Filter>
    </ClCompile>
    <ClCompile Include="ProgramCounterCircuit.cpp">
      <Filter>소스 파일\Identifiable\Circuit\imple\Sequential</Filter>
    </ClCompile>
    <ClCompile Include="IfIdRegisterCircuit.cpp">
      <Filter>소스 파일\Identifiable\Circuit\imple\Sequential\Pipeline Register</Filter>
    </ClCompile>
    <ClCompile Include="IdExRegisterCircuit.cpp">
      <Filter>소스 파일\Identifiable\Circuit\imple\Sequential\Pipeline Register</Filter>
    </ClCompile>
    <ClCompile Include="ExMemRegisterCircuit.cpp">
      <Filter>소스 파일\Identifiable\Circuit\imple\Sequential\Pipeline Register</Filter>
    </ClCompile>
    <ClCompile Include="MemWbRegisterCircuit.cpp">
      <Filter>소스 파일\Identifiable\Circuit\imple\Sequential\Pipeline Register</Filter>
    </ClCompile>
    <ClCompile Include="File.cpp">
      <Filter>소스 파일\Helper</Filter>
    </ClCompile>
    <ClCompile Include="FunctCircuit.cpp">
      <Filter>소스 파일\Identifiable\Circuit\imple\Combinational</Filter>
    </ClCompile>
    <ClCompile Include="test_nativeFileDialog_main.cpp">
      <Filter>소스 파일\main</Filter>
    </ClCompile>
    <ClCompile Include="Global.cpp">
      <Filter>소스 파일\Helper</Filter>
    </ClCompile>
    <ClCompile Include="Parse.cpp">
      <Filter>소스 파일\Helper</Filter>
    </ClCompile>
    <ClCompile Include="ForwardCircuit.cpp">
      <Filter>소스 파일\Identifiable\Circuit\imple\Combinational\Hazard</Filter>
    </ClCompile>
    <ClCompile Include="LoadStoreCircuit.cpp">
      <Filter>소스 파일\Identifiable\Circuit\imple\Combinational\Hazard</Filter>
    </ClCompile>
    <ClCompile Include="HazardDetectionUnit.cpp">
      <Filter>소스 파일\Identifiable\Circuit\imple\Combinational\Hazard</Filter>
    </ClCompile>
    <ClCompile Include="JumpAddressCircuit.cpp">
      <Filter>소스 파일\Identifiable\Circuit\imple\Combinational</Filter>
    </ClCompile>
    <ClCompile Include="Compare32Circuit.cpp">
      <Filter>소스 파일\Identifiable\Circuit\imple\Combinational</Filter>
    </ClCompile>
  </ItemGroup>
  <ItemGroup>
    <ClInclude Include="Identifiable.h">
      <Filter>소스 파일\Identifiable</Filter>
    </ClInclude>
    <ClInclude Include="CircuitOutput.h">
      <Filter>소스 파일\Identifiable\Circuit</Filter>
    </ClInclude>
    <ClInclude Include="Pin.h">
      <Filter>소스 파일\Identifiable\Pin</Filter>
    </ClInclude>
    <ClInclude Include="Circuit.h">
      <Filter>소스 파일\Identifiable\Circuit</Filter>
    </ClInclude>
    <ClInclude Include="Wire.h">
      <Filter>소스 파일\Identifiable\Wire</Filter>
    </ClInclude>
    <ClInclude Include="InteractionManager.h">
      <Filter>소스 파일\Manager</Filter>
    </ClInclude>
    <ClInclude Include="PlayButton.h">
      <Filter>소스 파일\Gui</Filter>
    </ClInclude>
    <ClInclude Include="AndCircuit.h">
      <Filter>소스 파일\Identifiable\Circuit\imple\Primitive</Filter>
    </ClInclude>
    <ClInclude Include="BufferCircuit.h">
      <Filter>소스 파일\Identifiable\Circuit\imple\Primitive</Filter>
    </ClInclude>
    <ClInclude Include="NotCircuit.h">
      <Filter>소스 파일\Identifiable\Circuit\imple\Primitive</Filter>
    </ClInclude>
    <ClInclude Include="OrCircuit.h">
      <Filter>소스 파일\Identifiable\Circuit\imple\Primitive</Filter>
    </ClInclude>
    <ClInclude Include="RegisterCircuit.h">
      <Filter>소스 파일\Identifiable\Circuit\imple\Sequential</Filter>
    </ClInclude>
    <ClInclude Include="stdafx.h">
      <Filter>헤더 파일</Filter>
    </ClInclude>
    <ClInclude Include="Convert.h">
      <Filter>소스 파일\Helper</Filter>
    </ClInclude>
    <ClInclude Include="BitBulbCircuit.h">
      <Filter>소스 파일\Identifiable\Circuit\imple\Primitive\IO</Filter>
    </ClInclude>
    <ClInclude Include="SwitchCircuit.h">
      <Filter>소스 파일\Identifiable\Circuit\imple\Primitive\IO</Filter>
    </ClInclude>
    <ClInclude Include="Int32OutCircuit.h">
      <Filter>소스 파일\Identifiable\Circuit\imple\Primitive\IO</Filter>
    </ClInclude>
    <ClInclude Include="DisplayInt32Circuit.h">
      <Filter>소스 파일\Identifiable\Circuit\imple\Primitive\IO</Filter>
    </ClInclude>
    <ClInclude Include="RegIdxOutCircuit.h">
      <Filter>소스 파일\Identifiable\Circuit\imple\Primitive\IO</Filter>
    </ClInclude>
    <ClInclude Include="SpawnCircuit.h">
      <Filter>소스 파일\Helper</Filter>
    </ClInclude>
    <ClInclude Include="DataMemoryCircuit.h">
      <Filter>소스 파일\Identifiable\Circuit\imple\Sequential</Filter>
    </ClInclude>
    <ClInclude Include="Add32Circuit.h">
      <Filter>소스 파일\Identifiable\Circuit\imple\Combinational</Filter>
    </ClInclude>
    <ClInclude Include="ClockCircuit.h">
      <Filter>소스 파일\Identifiable\Circuit\imple\Sequential</Filter>
    </ClInclude>
    <ClInclude Include="Instruction.h">
      <Filter>소스 파일\Helper</Filter>
    </ClInclude>
    <ClInclude Include="Window.h">
      <Filter>소스 파일\Helper</Filter>
    </ClInclude>
    <ClInclude Include="SignExtensionCircuit.h">
      <Filter>소스 파일\Identifiable\Circuit\imple\Combinational</Filter>
    </ClInclude>
    <ClInclude Include="ShiftLeftCircuit.h">
      <Filter>소스 파일\Identifiable\Circuit\imple\Combinational</Filter>
    </ClInclude>
    <ClInclude Include="AluCircuit.h">
      <Filter>소스 파일\Identifiable\Circuit\imple\Combinational</Filter>
    </ClInclude>
    <ClInclude Include="InstructionMemory.h">
      <Filter>소스 파일\Identifiable\Circuit\imple\Combinational</Filter>
    </ClInclude>
    <ClInclude Include="AluControlCircuit.h">
      <Filter>소스 파일\Identifiable\Circuit\imple\Combinational</Filter>
    </ClInclude>
    <ClInclude Include="MuxCircuit.h">
      <Filter>소스 파일\Identifiable\Circuit\imple\Primitive</Filter>
    </ClInclude>
    <ClInclude Include="ControlUnitCircuit.h">
      <Filter>소스 파일\Identifiable\Circuit\imple\Combinational</Filter>
    </ClInclude>
    <ClInclude Include="ProgramCounterCircuit.h">
      <Filter>소스 파일\Identifiable\Circuit\imple\Sequential</Filter>
    </ClInclude>
    <ClInclude Include="IfIdRegisterCircuit.h">
      <Filter>소스 파일\Identifiable\Circuit\imple\Sequential\Pipeline Register</Filter>
    </ClInclude>
    <ClInclude Include="IdExRegisterCircuit.h">
      <Filter>소스 파일\Identifiable\Circuit\imple\Sequential\Pipeline Register</Filter>
    </ClInclude>
    <ClInclude Include="ExMemRegisterCircuit.h">
      <Filter>소스 파일\Identifiable\Circuit\imple\Sequential\Pipeline Register</Filter>
    </ClInclude>
    <ClInclude Include="MemWbRegisterCircuit.h">
      <Filter>소스 파일\Identifiable\Circuit\imple\Sequential\Pipeline Register</Filter>
    </ClInclude>
    <ClInclude Include="CircuitType.h">
      <Filter>소스 파일\Identifiable\Circuit</Filter>
    </ClInclude>
    <ClInclude Include="File.h">
      <Filter>소스 파일\Helper</Filter>
    </ClInclude>
    <ClInclude Include="FunctCircuit.h">
      <Filter>소스 파일\Identifiable\Circuit\imple\Combinational</Filter>
    </ClInclude>
    <ClInclude Include="Global.h">
      <Filter>소스 파일\Helper</Filter>
    </ClInclude>
    <ClInclude Include="Parse.h">
      <Filter>소스 파일\Helper</Filter>
    </ClInclude>
    <ClInclude Include="ForwardCircuit.h">
      <Filter>소스 파일\Identifiable\Circuit\imple\Combinational\Hazard</Filter>
    </ClInclude>
    <ClInclude Include="LoadStoreCircuit.h">
      <Filter>소스 파일\Identifiable\Circuit\imple\Combinational\Hazard</Filter>
    </ClInclude>
    <ClInclude Include="HazardDetectionUnit.h">
      <Filter>소스 파일\Identifiable\Circuit\imple\Combinational\Hazard</Filter>
    </ClInclude>
    <ClInclude Include="JumpAddressCircuit.h">
      <Filter>소스 파일\Identifiable\Circuit\imple\Combinational</Filter>
    </ClInclude>
    <ClInclude Include="Compare32Circuit.h">
      <Filter>소스 파일\Identifiable\Circuit\imple\Combinational</Filter>
    </ClInclude>
  </ItemGroup>
</Project>